
Microsoft Visual Studio Solution File, Format Version 12.00
# Visual Studio Version 16
VisualStudioVersion = 16.0.30804.86
MinimumVisualStudioVersion = 10.0.40219.1
Project("{FAE04EC0-301F-11D3-BF4B-00C04F79EFBC}") = "Unico.Core.API", "Unico.Core.API\Unico.Core.API.csproj", "{3BB8C37D-5B0B-46F3-9E12-954698DE446D}"
EndProject
Project("{FAE04EC0-301F-11D3-BF4B-00C04F79EFBC}") = "Unico.Core.Test", "Unico.Core.Test\Unico.Core.Test.csproj", "{82924AB2-3008-4D4E-AD92-345231AF7DF6}"
EndProject
Global
	GlobalSection(SolutionConfigurationPlatforms) = preSolution
		Debug|Any CPU = Debug|Any CPU
		Release|Any CPU = Release|Any CPU
	EndGlobalSection
	GlobalSection(ProjectConfigurationPlatforms) = postSolution
		{3BB8C37D-5B0B-46F3-9E12-954698DE446D}.Debug|Any CPU.ActiveCfg = Debug|Any CPU
		{3BB8C37D-5B0B-46F3-9E12-954698DE446D}.Debug|Any CPU.Build.0 = Debug|Any CPU
		{3BB8C37D-5B0B-46F3-9E12-954698DE446D}.Release|Any CPU.ActiveCfg = Release|Any CPU
		{3BB8C37D-5B0B-46F3-9E12-954698DE446D}.Release|Any CPU.Build.0 = Release|Any CPU
		{82924AB2-3008-4D4E-AD92-345231AF7DF6}.Debug|Any CPU.ActiveCfg = Debug|Any CPU
		{82924AB2-3008-4D4E-AD92-345231AF7DF6}.Debug|Any CPU.Build.0 = Debug|Any CPU
		{82924AB2-3008-4D4E-AD92-345231AF7DF6}.Release|Any CPU.ActiveCfg = Release|Any CPU
		{82924AB2-3008-4D4E-AD92-345231AF7DF6}.Release|Any CPU.Build.0 = Release|Any CPU
	EndGlobalSection
	GlobalSection(SolutionProperties) = preSolution
		HideSolutionNode = FALSE
	EndGlobalSection
	GlobalSection(ExtensibilityGlobals) = postSolution
		SolutionGuid = {94F7177B-16DB-48B4-85F8-EEEBC79B9C84}
	EndGlobalSection
EndGlobal
